Microsoft Visual Studio Solution File, Format Version 8.00
Project("{8BC9CEB8-8B4A-11D0-8D11-00A0C91BC942}") = "cell", "cell.vcproj", "{A5E1B084-8E2F-463D-A26A-A2C273403A78}"
	ProjectSection(ProjectDependencies) = postProject
	EndProjectSection
EndProject
Global
	GlobalSection(SolutionConfiguration) = preSolution
		Debug = Debug
		Release = Release
	EndGlobalSection
	GlobalSection(ProjectConfiguration) = postSolution
		{A5E1B084-8E2F-463D-A26A-A2C273403A78}.Debug.ActiveCfg = Debug|Win32
		{A5E1B084-8E2F-463D-A26A-A2C273403A78}.Debug.Build.0 = Debug|Win32
		{A5E1B084-8E2F-463D-A26A-A2C273403A78}.Release.ActiveCfg = Release|Win32
		{A5E1B084-8E2F-463D-A26A-A2C273403A78}.Release.Build.0 = Release|Win32
	EndGlobalSection
	GlobalSection(ExtensibilityGlobals) = postSolution
	EndGlobalSection
	GlobalSection(ExtensibilityAddIns) = postSolution
	EndGlobalSection
EndGlobal
