Microsoft Visual Studio Solution File, Format Version 8.00
Project("{8BC9CEB8-8B4A-11D0-8D11-00A0C91BC942}") = "growth_test", "growth_test.vcproj", "{CC2D3795-62B0-4527-8892-E1CDBDB3122D}"
	ProjectSection(ProjectDependencies) = postProject
	EndProjectSection
EndProject
Global
	GlobalSection(SolutionConfiguration) = preSolution
		Debug = Debug
		Release = Release
	EndGlobalSection
	GlobalSection(ProjectConfiguration) = postSolution
		{CC2D3795-62B0-4527-8892-E1CDBDB3122D}.Debug.ActiveCfg = Debug|Win32
		{CC2D3795-62B0-4527-8892-E1CDBDB3122D}.Debug.Build.0 = Debug|Win32
		{CC2D3795-62B0-4527-8892-E1CDBDB3122D}.Release.ActiveCfg = Release|Win32
		{CC2D3795-62B0-4527-8892-E1CDBDB3122D}.Release.Build.0 = Release|Win32
	EndGlobalSection
	GlobalSection(ExtensibilityGlobals) = postSolution
	EndGlobalSection
	GlobalSection(ExtensibilityAddIns) = postSolution
	EndGlobalSection
EndGlobal
